
Microsoft Visual Studio Solution File, Format Version 12.00
# Visual Studio Version 17
VisualStudioVersion = 17.4.33213.308
MinimumVisualStudioVersion = 10.0.40219.1
Project("{9A19103F-16F7-4668-BE54-9A1E7A4F7556}") = "App", "App\App.csproj", "{F2CBDD27-19FC-43EB-8DE9-C74D32A4156F}"
EndProject
Project("{9A19103F-16F7-4668-BE54-9A1E7A4F7556}") = "SemanticExtension", "SemanticExtension\SemanticExtension.csproj", "{ADC32DE3-F348-4239-9261-2DFAFEDC8B7C}"
EndProject
Project("{9A19103F-16F7-4668-BE54-9A1E7A4F7556}") = "Pixel.Window", "Pixel.Window\Pixel.Window.csproj", "{B0CCD117-FA8B-431D-B03F-39BBB9908AD6}"
EndProject
Project("{9A19103F-16F7-4668-BE54-9A1E7A4F7556}") = "Pixel.Text", "Pixel.Text\Pixel.Text.csproj", "{05D5A496-8EFB-4C72-AA66-370646C99A64}"
EndProject
Project("{9A19103F-16F7-4668-BE54-9A1E7A4F7556}") = "Pixel.OpenGL.Text", "Pixel.OpenGL.Text\Pixel.OpenGL.Text.csproj", "{2D947892-218B-4728-8CE2-6F494933E46D}"
EndProject
Project("{FAE04EC0-301F-11D3-BF4B-00C04F79EFBC}") = "Pixel.Graphics", "Pixel.Graphics\Pixel.Graphics.csproj", "{2BFB1896-B1F4-485B-A03B-AC577EFA2292}"
EndProject
Project("{FAE04EC0-301F-11D3-BF4B-00C04F79EFBC}") = "Pixel.OpenGL.Graphics", "Pixel.OpenGL.Graphics\Pixel.OpenGL.Graphics.csproj", "{10F9A805-126E-43DE-8FFF-F6158FC3765D}"
EndProject
Global
	GlobalSection(SolutionConfigurationPlatforms) = preSolution
		Debug|Any CPU = Debug|Any CPU
		Release|Any CPU = Release|Any CPU
	EndGlobalSection
	GlobalSection(ProjectConfigurationPlatforms) = postSolution
		{F2CBDD27-19FC-43EB-8DE9-C74D32A4156F}.Debug|Any CPU.ActiveCfg = Debug|Any CPU
		{F2CBDD27-19FC-43EB-8DE9-C74D32A4156F}.Debug|Any CPU.Build.0 = Debug|Any CPU
		{F2CBDD27-19FC-43EB-8DE9-C74D32A4156F}.Release|Any CPU.ActiveCfg = Release|Any CPU
		{F2CBDD27-19FC-43EB-8DE9-C74D32A4156F}.Release|Any CPU.Build.0 = Release|Any CPU
		{ADC32DE3-F348-4239-9261-2DFAFEDC8B7C}.Debug|Any CPU.ActiveCfg = Debug|Any CPU
		{ADC32DE3-F348-4239-9261-2DFAFEDC8B7C}.Debug|Any CPU.Build.0 = Debug|Any CPU
		{ADC32DE3-F348-4239-9261-2DFAFEDC8B7C}.Release|Any CPU.ActiveCfg = Release|Any CPU
		{ADC32DE3-F348-4239-9261-2DFAFEDC8B7C}.Release|Any CPU.Build.0 = Release|Any CPU
		{B0CCD117-FA8B-431D-B03F-39BBB9908AD6}.Debug|Any CPU.ActiveCfg = Debug|Any CPU
		{B0CCD117-FA8B-431D-B03F-39BBB9908AD6}.Debug|Any CPU.Build.0 = Debug|Any CPU
		{B0CCD117-FA8B-431D-B03F-39BBB9908AD6}.Release|Any CPU.ActiveCfg = Release|Any CPU
		{B0CCD117-FA8B-431D-B03F-39BBB9908AD6}.Release|Any CPU.Build.0 = Release|Any CPU
		{05D5A496-8EFB-4C72-AA66-370646C99A64}.Debug|Any CPU.ActiveCfg = Debug|Any CPU
		{05D5A496-8EFB-4C72-AA66-370646C99A64}.Debug|Any CPU.Build.0 = Debug|Any CPU
		{05D5A496-8EFB-4C72-AA66-370646C99A64}.Release|Any CPU.ActiveCfg = Release|Any CPU
		{05D5A496-8EFB-4C72-AA66-370646C99A64}.Release|Any CPU.Build.0 = Release|Any CPU
		{2D947892-218B-4728-8CE2-6F494933E46D}.Debug|Any CPU.ActiveCfg = Debug|Any CPU
		{2D947892-218B-4728-8CE2-6F494933E46D}.Debug|Any CPU.Build.0 = Debug|Any CPU
		{2D947892-218B-4728-8CE2-6F494933E46D}.Release|Any CPU.ActiveCfg = Release|Any CPU
		{2D947892-218B-4728-8CE2-6F494933E46D}.Release|Any CPU.Build.0 = Release|Any CPU
		{2BFB1896-B1F4-485B-A03B-AC577EFA2292}.Debug|Any CPU.ActiveCfg = Debug|Any CPU
		{2BFB1896-B1F4-485B-A03B-AC577EFA2292}.Debug|Any CPU.Build.0 = Debug|Any CPU
		{2BFB1896-B1F4-485B-A03B-AC577EFA2292}.Release|Any CPU.ActiveCfg = Release|Any CPU
		{2BFB1896-B1F4-485B-A03B-AC577EFA2292}.Release|Any CPU.Build.0 = Release|Any CPU
		{10F9A805-126E-43DE-8FFF-F6158FC3765D}.Debug|Any CPU.ActiveCfg = Debug|Any CPU
		{10F9A805-126E-43DE-8FFF-F6158FC3765D}.Debug|Any CPU.Build.0 = Debug|Any CPU
		{10F9A805-126E-43DE-8FFF-F6158FC3765D}.Release|Any CPU.ActiveCfg = Release|Any CPU
		{10F9A805-126E-43DE-8FFF-F6158FC3765D}.Release|Any CPU.Build.0 = Release|Any CPU
	EndGlobalSection
	GlobalSection(SolutionProperties) = preSolution
		HideSolutionNode = FALSE
	EndGlobalSection
	GlobalSection(ExtensibilityGlobals) = postSolution
		SolutionGuid = {3F8F88B7-7F28-4BFF-9112-31B813FBB342}
	EndGlobalSection
EndGlobal
